
Microsoft Visual Studio Solution File, Format Version 12.00
# Visual Studio Version 17
VisualStudioVersion = 17.14.36121.58 d17.14
MinimumVisualStudioVersion = 10.0.40219.1
Project("{FAE04EC0-301F-11D3-BF4B-00C04F79EFBC}") = "10notas=media", "10notas=media\10notas=media.csproj", "{240713CF-9A15-4403-8F87-717381987D41}"
EndProject
Global
	GlobalSection(SolutionConfigurationPlatforms) = preSolution
		Debug|Any CPU = Debug|Any CPU
		Release|Any CPU = Release|Any CPU
	EndGlobalSection
	GlobalSection(ProjectConfigurationPlatforms) = postSolution
		{240713CF-9A15-4403-8F87-717381987D41}.Debug|Any CPU.ActiveCfg = Debug|Any CPU
		{240713CF-9A15-4403-8F87-717381987D41}.Debug|Any CPU.Build.0 = Debug|Any CPU
		{240713CF-9A15-4403-8F87-717381987D41}.Release|Any CPU.ActiveCfg = Release|Any CPU
		{240713CF-9A15-4403-8F87-717381987D41}.Release|Any CPU.Build.0 = Release|Any CPU
	EndGlobalSection
	GlobalSection(SolutionProperties) = preSolution
		HideSolutionNode = FALSE
	EndGlobalSection
	GlobalSection(ExtensibilityGlobals) = postSolution
		SolutionGuid = {472FCF48-26FF-42A1-B3BD-93B7C2F8C9A3}
	EndGlobalSection
EndGlobal
