
Microsoft Visual Studio Solution File, Format Version 12.00
# Visual Studio Version 17
VisualStudioVersion = 17.14.36121.58 d17.14
MinimumVisualStudioVersion = 10.0.40219.1
Project("{FAE04EC0-301F-11D3-BF4B-00C04F79EFBC}") = "Impares_com_ate_os_numeros_fornecidos", "Impares_com_ate_os_numeros_fornecidos\Impares_com_ate_os_numeros_fornecidos.csproj", "{7E809F15-4C44-4B80-BCD7-2A5B2DACD577}"
EndProject
Global
	GlobalSection(SolutionConfigurationPlatforms) = preSolution
		Debug|Any CPU = Debug|Any CPU
		Release|Any CPU = Release|Any CPU
	EndGlobalSection
	GlobalSection(ProjectConfigurationPlatforms) = postSolution
		{7E809F15-4C44-4B80-BCD7-2A5B2DACD577}.Debug|Any CPU.ActiveCfg = Debug|Any CPU
		{7E809F15-4C44-4B80-BCD7-2A5B2DACD577}.Debug|Any CPU.Build.0 = Debug|Any CPU
		{7E809F15-4C44-4B80-BCD7-2A5B2DACD577}.Release|Any CPU.ActiveCfg = Release|Any CPU
		{7E809F15-4C44-4B80-BCD7-2A5B2DACD577}.Release|Any CPU.Build.0 = Release|Any CPU
	EndGlobalSection
	GlobalSection(SolutionProperties) = preSolution
		HideSolutionNode = FALSE
	EndGlobalSection
	GlobalSection(ExtensibilityGlobals) = postSolution
		SolutionGuid = {BBCE4ED1-C916-4B38-88A9-FE2B7E819794}
	EndGlobalSection
EndGlobal
